{
    "version": 3,
    "terraform_version": "0.9.11",
    "serial": 8,
    "lineage": "7e854c6f-02d2-49df-affc-4204a63d14cd",
    "modules": [
        {
            "path": [
                "root"
            ],
            "outputs": {},
            "resources": {
                "aws_instance.example1": {
                    "type": "aws_instance",
                    "depends_on": [],
                    "primary": {
                        "id": "i-06e40307b68b5530b",
                        "attributes": {
                            "ami": "ami-2378f540",
                            "associate_public_ip_address": "true",
                            "availability_zone": "ap-southeast-1b",
                            "disable_api_termination": "false",
                            "ebs_block_device.#": "0",
                            "ebs_optimized": "false",
                            "ephemeral_block_device.#": "0",
                            "iam_instance_profile": "",
                            "id": "i-06e40307b68b5530b",
                            "instance_state": "running",
                            "instance_type": "t2.micro",
                            "ipv6_addresses.#": "0",
                            "key_name": "key2",
                            "monitoring": "false",
                            "network_interface.#": "0",
                            "network_interface_id": "eni-d3baf8fb",
                            "primary_network_interface_id": "eni-d3baf8fb",
                            "private_dns": "ip-172-31-30-151.ap-southeast-1.compute.internal",
                            "private_ip": "172.31.30.151",
                            "public_dns": "ec2-54-169-232-28.ap-southeast-1.compute.amazonaws.com",
                            "public_ip": "54.169.232.28",
                            "root_block_device.#": "1",
                            "root_block_device.0.delete_on_termination": "true",
                            "root_block_device.0.iops": "100",
                            "root_block_device.0.volume_size": "8",
                            "root_block_device.0.volume_type": "gp2",
                            "security_groups.#": "1",
                            "security_groups.3814588639": "default",
                            "source_dest_check": "true",
                            "subnet_id": "subnet-0f203d78",
                            "tags.%": "1",
                            "tags.Name": "instance102",
                            "tenancy": "default",
                            "volume_tags.%": "0",
                            "vpc_security_group_ids.#": "0"
                        },
                        "meta": {
                            "e2bfb730-ecaa-11e6-8f88-34363bc7c4c0": {
                                "create": 600000000000,
                                "delete": 600000000000,
                                "update": 600000000000
                            },
                            "schema_version": "1"
                        },
                        "tainted": false
                    },
                    "deposed": [],
                    "provider": ""
                },
                "aws_key_pair.example": {
                    "type": "aws_key_pair",
                    "depends_on": [],
                    "primary": {
                        "id": "key2",
                        "attributes": {
                            "fingerprint": "8b:45:36:75:46:64:43:25:86:c8:32:c4:3b:42:8f:b7",
                            "id": "key2",
                            "key_name": "key2",
                            "public_key": "ssh-rsa AAAAB3NzaC1yc2EAAAADAQABAAABAQCvQuJf0Wm/dNCM1lfS4tPcqyrOly+Gmfo99cv+rz+dVNDqVHR7LmEeb9Eo5TiRrG2fcHoFW41n0htWk7zUyPcYXaw30XPxyXXQULAyGWNbu/U3Li6yz6nQuLbdO3RRqiiBxcyPgBL750VRglZGNHZ0Wkk8TjFoRjf2s8GVCFRE5Zfq2WfwTyGMedrI6JKpMqu1uZkvtuJI86RGCx126sWGTUA/uB542UQPLiLB/OjGhIZ8DZzH6NY43e5W4SeXlAi+djtv+gLEx3m80dqs8fK2NtrFMdZYg4hdf26yrHOr2Y/Eg0PEt7Dv7ETIpD16+pHhNDE/26T7pbC8o/C6pX1p mingk@DESKTOP-GGEI9QS"
                        },
                        "meta": {
                            "schema_version": "1"
                        },
                        "tainted": false
                    },
                    "deposed": [],
                    "provider": ""
                }
            },
            "depends_on": []
        }
    ]
}
