{
    "version": 3,
    "terraform_version": "0.9.11",
    "serial": 21,
    "lineage": "c58755b4-bf03-4bb8-b58e-d4696296ea28",
    "modules": [
        {
            "path": [
                "root"
            ],
            "outputs": {},
            "resources": {
                "aws_instance.example": {
                    "type": "aws_instance",
                    "depends_on": [],
                    "primary": {
                        "id": "i-0c255a4eb23d703ba",
                        "attributes": {
                            "ami": "ami-85fd92e6",
                            "associate_public_ip_address": "true",
                            "availability_zone": "ap-southeast-1b",
                            "disable_api_termination": "false",
                            "ebs_block_device.#": "0",
                            "ebs_optimized": "false",
                            "ephemeral_block_device.#": "0",
                            "iam_instance_profile": "",
                            "id": "i-0c255a4eb23d703ba",
                            "instance_state": "running",
                            "instance_type": "t2.micro",
                            "ipv6_addresses.#": "0",
                            "key_name": "key1",
                            "monitoring": "false",
                            "network_interface.#": "0",
                            "network_interface_id": "eni-94eaa7bc",
                            "primary_network_interface_id": "eni-94eaa7bc",
                            "private_dns": "ip-172-31-26-109.ap-southeast-1.compute.internal",
                            "private_ip": "172.31.26.109",
                            "public_dns": "ec2-13-229-59-149.ap-southeast-1.compute.amazonaws.com",
                            "public_ip": "13.229.59.149",
                            "root_block_device.#": "1",
                            "root_block_device.0.delete_on_termination": "true",
                            "root_block_device.0.iops": "100",
                            "root_block_device.0.volume_size": "8",
                            "root_block_device.0.volume_type": "gp2",
                            "security_groups.#": "1",
                            "security_groups.3814588639": "default",
                            "source_dest_check": "true",
                            "subnet_id": "subnet-0f203d78",
                            "tags.%": "1",
                            "tags.Name": "React-Coder-Lands",
                            "tenancy": "default",
                            "volume_tags.%": "0",
                            "vpc_security_group_ids.#": "0"
                        },
                        "meta": {
                            "e2bfb730-ecaa-11e6-8f88-34363bc7c4c0": {
                                "create": 600000000000,
                                "delete": 600000000000,
                                "update": 600000000000
                            },
                            "schema_version": "1"
                        },
                        "tainted": false
                    },
                    "deposed": [],
                    "provider": ""
                },
                "aws_key_pair.example": {
                    "type": "aws_key_pair",
                    "depends_on": [],
                    "primary": {
                        "id": "key1",
                        "attributes": {
                            "id": "key1",
                            "key_name": "key1",
                            "public_key": "ssh-rsa AAAAB3NzaC1yc2EAAAADAQABAAABAQDV+39Qkjy2fT7nNeLU0IplQOdmp/fgFn3JOmBKuuM1sn3L0f6uvCKrKp6nRSCh7LnMNF2NbZdZp/WzIvcQZv7KLYygWmzfsZzN5ej1BrpeiqZatrie4FJxWvXi/yRy5gkF9vTllGmRZTqGyJm56CFevO8w2GvEl3iyy4PXKwxRL3N0agu4KBops82wFr12WW/Y13wXbtUQ3rBLuQ7ZcZV/JPrVmjob/3lTI7H3PKEfxd1CigPxwX85ROMZyOiNdE8aWuTN8UcU/CmYeYPp3D66kpDVa56LXQKBl+2bqxXFVdUqBFwTnHhnX4T3iG3NlGKU01vje/yPzbg4jYl1RmQD mingk@DESKTOP-GGEI9QS"
                        },
                        "meta": {
                            "schema_version": "1"
                        },
                        "tainted": false
                    },
                    "deposed": [],
                    "provider": ""
                }
            },
            "depends_on": []
        }
    ]
}
